# This file is automatically @generated by Cargo.
# It is not intended for manual editing.
version = 4

[[package]]
name = "compact_backend_std"
version = "2.1.0"
dependencies = [
 "compact_core",
]

[[package]]
name = "compact_consumer_fixture"
version = "2.1.0"
dependencies = [
 "compact_backend_std",
 "compact_core",
]

[[package]]
name = "compact_core"
version = "2.1.0"
